
Microsoft Visual Studio Solution File, Format Version 12.00
# Visual Studio Version 17
VisualStudioVersion = 17.1.32228.430
MinimumVisualStudioVersion = 10.0.40219.1
Project("{9A19103F-16F7-4668-BE54-9A1E7A4F7556}") = "FastFoodRestaurant", "FastFoodRestaurant.csproj", "{BAE0915D-FAC5-4CCB-8132-C3FDB2BDD7AF}"
EndProject
Project("{9A19103F-16F7-4668-BE54-9A1E7A4F7556}") = "FastFoodRestaurant.Test", "..\FastFoodRestaurant.Test\FastFoodRestaurant.Test.csproj", "{A70E54A9-6A0C-4340-AC11-E3A352C5A61D}"
EndProject
Global
	GlobalSection(SolutionConfigurationPlatforms) = preSolution
		Debug|Any CPU = Debug|Any CPU
		Release|Any CPU = Release|Any CPU
	EndGlobalSection
	GlobalSection(ProjectConfigurationPlatforms) = postSolution
		{BAE0915D-FAC5-4CCB-8132-C3FDB2BDD7AF}.Debug|Any CPU.ActiveCfg = Debug|Any CPU
		{BAE0915D-FAC5-4CCB-8132-C3FDB2BDD7AF}.Debug|Any CPU.Build.0 = Debug|Any CPU
		{BAE0915D-FAC5-4CCB-8132-C3FDB2BDD7AF}.Release|Any CPU.ActiveCfg = Release|Any CPU
		{BAE0915D-FAC5-4CCB-8132-C3FDB2BDD7AF}.Release|Any CPU.Build.0 = Release|Any CPU
		{A70E54A9-6A0C-4340-AC11-E3A352C5A61D}.Debug|Any CPU.ActiveCfg = Debug|Any CPU
		{A70E54A9-6A0C-4340-AC11-E3A352C5A61D}.Debug|Any CPU.Build.0 = Debug|Any CPU
		{A70E54A9-6A0C-4340-AC11-E3A352C5A61D}.Release|Any CPU.ActiveCfg = Release|Any CPU
		{A70E54A9-6A0C-4340-AC11-E3A352C5A61D}.Release|Any CPU.Build.0 = Release|Any CPU
	EndGlobalSection
	GlobalSection(SolutionProperties) = preSolution
		HideSolutionNode = FALSE
	EndGlobalSection
	GlobalSection(ExtensibilityGlobals) = postSolution
		SolutionGuid = {731D9045-4C9F-46FD-860C-07E33B1EB824}
	EndGlobalSection
EndGlobal
